
Microsoft Visual Studio Solution File, Format Version 12.00
# Visual Studio 14
VisualStudioVersion = 14.0.25123.0
MinimumVisualStudioVersion = 10.0.40219.1
Project("{FAE04EC0-301F-11D3-BF4B-00C04F79EFBC}") = "YL.Utilities.Common", "YL.Utilities.Common\YL.Utilities.Common.csproj", "{704F202E-1277-42CF-8ADC-53B55941034C}"
EndProject
Global
	GlobalSection(SolutionConfigurationPlatforms) = preSolution
		Debug|Any CPU = Debug|Any CPU
		Release|Any CPU = Release|Any CPU
	EndGlobalSection
	GlobalSection(ProjectConfigurationPlatforms) = postSolution
		{704F202E-1277-42CF-8ADC-53B55941034C}.Debug|Any CPU.ActiveCfg = Debug|Any CPU
		{704F202E-1277-42CF-8ADC-53B55941034C}.Debug|Any CPU.Build.0 = Debug|Any CPU
		{704F202E-1277-42CF-8ADC-53B55941034C}.Release|Any CPU.ActiveCfg = Release|Any CPU
		{704F202E-1277-42CF-8ADC-53B55941034C}.Release|Any CPU.Build.0 = Release|Any CPU
	EndGlobalSection
	GlobalSection(SolutionProperties) = preSolution
		HideSolutionNode = FALSE
	EndGlobalSection
EndGlobal
